
Microsoft Visual Studio Solution File, Format Version 12.00
# Visual Studio Version 16
VisualStudioVersion = 16.0.30011.22
MinimumVisualStudioVersion = 10.0.40219.1
Project("{FAE04EC0-301F-11D3-BF4B-00C04F79EFBC}") = "MidiGoController", "MidiGoController\MidiGoController.csproj", "{AAA442D2-6CB5-4690-B81B-920E77131FD4}"
EndProject
Global
	GlobalSection(SolutionConfigurationPlatforms) = preSolution
		Debug|Any CPU = Debug|Any CPU
		Release|Any CPU = Release|Any CPU
	EndGlobalSection
	GlobalSection(ProjectConfigurationPlatforms) = postSolution
		{AAA442D2-6CB5-4690-B81B-920E77131FD4}.Debug|Any CPU.ActiveCfg = Debug|Any CPU
		{AAA442D2-6CB5-4690-B81B-920E77131FD4}.Debug|Any CPU.Build.0 = Debug|Any CPU
		{AAA442D2-6CB5-4690-B81B-920E77131FD4}.Release|Any CPU.ActiveCfg = Release|Any CPU
		{AAA442D2-6CB5-4690-B81B-920E77131FD4}.Release|Any CPU.Build.0 = Release|Any CPU
	EndGlobalSection
	GlobalSection(SolutionProperties) = preSolution
		HideSolutionNode = FALSE
	EndGlobalSection
	GlobalSection(ExtensibilityGlobals) = postSolution
		SolutionGuid = {DA261DC9-04FA-43E8-B339-D18F671FC453}
	EndGlobalSection
EndGlobal
